
Microsoft Visual Studio Solution File, Format Version 12.00
# Visual Studio Version 17
VisualStudioVersion = 17.8.34322.80
MinimumVisualStudioVersion = 10.0.40219.1
Project("{8BC9CEB8-8B4A-11D0-8D11-00A0C91BC942}") = "game_branch", "LAG\LAG.vcxproj", "{519F29E4-77A1-4153-8517-1ECAA6723F62}"
EndProject
Project("{8BC9CEB8-8B4A-11D0-8D11-00A0C91BC942}") = "LAGGraphics", "LAGGraphics\LAGGraphics.vcxproj", "{E2F54F62-E02C-48E5-A865-3E76213685FC}"
EndProject
Project("{8BC9CEB8-8B4A-11D0-8D11-00A0C91BC942}") = "shaders", "shaders\shaders.vcxproj", "{2EA83F63-50BF-4105-AD4A-298EBCB21781}"
EndProject
Project("{2150E333-8FDC-42A3-9474-1A3956D46DE8}") = "LEGIT", "LEGIT", "{A6658708-6ACC-41BD-A7CD-5DC20EA1B99F}"
EndProject
Project("{2150E333-8FDC-42A3-9474-1A3956D46DE8}") = "game_lib", "game_lib", "{99D484FC-0EDC-4A86-9CE2-546F01EFADDD}"
EndProject
Project("{2150E333-8FDC-42A3-9474-1A3956D46DE8}") = "shaders_lib", "shaders_lib", "{67AFF059-0B65-4EFC-A7C0-EEE6B65A326F}"
EndProject
Project("{8BC9CEB8-8B4A-11D0-8D11-00A0C91BC942}") = "template_project_legit", "template_project_lag\template_project_lag.vcxproj", "{D56DA444-F9D4-45EA-A9D5-D848F1E77AA7}"
EndProject
Project("{8BC9CEB8-8B4A-11D0-8D11-00A0C91BC942}") = "LIT", "LIT\LIT.vcxproj", "{EEC11DC9-8EB1-4174-89A9-5A6AE48477DC}"
EndProject
Project("{8BC9CEB8-8B4A-11D0-8D11-00A0C91BC942}") = "LAGCore", "LAGCore\LAGCore.vcxproj", "{38EE7DB2-8231-4E06-98AD-EA03EB66F578}"
EndProject
Global
	GlobalSection(SolutionConfigurationPlatforms) = preSolution
		Debug|x64 = Debug|x64
		Debug|x86 = Debug|x86
		Release|x64 = Release|x64
		Release|x86 = Release|x86
	EndGlobalSection
	GlobalSection(ProjectConfigurationPlatforms) = postSolution
		{519F29E4-77A1-4153-8517-1ECAA6723F62}.Debug|x64.ActiveCfg = Debug|x64
		{519F29E4-77A1-4153-8517-1ECAA6723F62}.Debug|x64.Build.0 = Debug|x64
		{519F29E4-77A1-4153-8517-1ECAA6723F62}.Debug|x86.ActiveCfg = Debug|Win32
		{519F29E4-77A1-4153-8517-1ECAA6723F62}.Debug|x86.Build.0 = Debug|Win32
		{519F29E4-77A1-4153-8517-1ECAA6723F62}.Release|x64.ActiveCfg = Release|x64
		{519F29E4-77A1-4153-8517-1ECAA6723F62}.Release|x64.Build.0 = Release|x64
		{519F29E4-77A1-4153-8517-1ECAA6723F62}.Release|x86.ActiveCfg = Release|Win32
		{519F29E4-77A1-4153-8517-1ECAA6723F62}.Release|x86.Build.0 = Release|Win32
		{E2F54F62-E02C-48E5-A865-3E76213685FC}.Debug|x64.ActiveCfg = Debug|x64
		{E2F54F62-E02C-48E5-A865-3E76213685FC}.Debug|x64.Build.0 = Debug|x64
		{E2F54F62-E02C-48E5-A865-3E76213685FC}.Debug|x86.ActiveCfg = Debug|Win32
		{E2F54F62-E02C-48E5-A865-3E76213685FC}.Debug|x86.Build.0 = Debug|Win32
		{E2F54F62-E02C-48E5-A865-3E76213685FC}.Release|x64.ActiveCfg = Release|x64
		{E2F54F62-E02C-48E5-A865-3E76213685FC}.Release|x64.Build.0 = Release|x64
		{E2F54F62-E02C-48E5-A865-3E76213685FC}.Release|x86.ActiveCfg = Release|Win32
		{E2F54F62-E02C-48E5-A865-3E76213685FC}.Release|x86.Build.0 = Release|Win32
		{2EA83F63-50BF-4105-AD4A-298EBCB21781}.Debug|x64.ActiveCfg = Debug|x64
		{2EA83F63-50BF-4105-AD4A-298EBCB21781}.Debug|x64.Build.0 = Debug|x64
		{2EA83F63-50BF-4105-AD4A-298EBCB21781}.Debug|x86.ActiveCfg = Debug|Win32
		{2EA83F63-50BF-4105-AD4A-298EBCB21781}.Debug|x86.Build.0 = Debug|Win32
		{2EA83F63-50BF-4105-AD4A-298EBCB21781}.Release|x64.ActiveCfg = Release|x64
		{2EA83F63-50BF-4105-AD4A-298EBCB21781}.Release|x64.Build.0 = Release|x64
		{2EA83F63-50BF-4105-AD4A-298EBCB21781}.Release|x86.ActiveCfg = Release|Win32
		{2EA83F63-50BF-4105-AD4A-298EBCB21781}.Release|x86.Build.0 = Release|Win32
		{D56DA444-F9D4-45EA-A9D5-D848F1E77AA7}.Debug|x64.ActiveCfg = Debug|x64
		{D56DA444-F9D4-45EA-A9D5-D848F1E77AA7}.Debug|x64.Build.0 = Debug|x64
		{D56DA444-F9D4-45EA-A9D5-D848F1E77AA7}.Debug|x86.ActiveCfg = Debug|Win32
		{D56DA444-F9D4-45EA-A9D5-D848F1E77AA7}.Debug|x86.Build.0 = Debug|Win32
		{D56DA444-F9D4-45EA-A9D5-D848F1E77AA7}.Release|x64.ActiveCfg = Release|x64
		{D56DA444-F9D4-45EA-A9D5-D848F1E77AA7}.Release|x64.Build.0 = Release|x64
		{D56DA444-F9D4-45EA-A9D5-D848F1E77AA7}.Release|x86.ActiveCfg = Release|Win32
		{D56DA444-F9D4-45EA-A9D5-D848F1E77AA7}.Release|x86.Build.0 = Release|Win32
		{EEC11DC9-8EB1-4174-89A9-5A6AE48477DC}.Debug|x64.ActiveCfg = Debug|x64
		{EEC11DC9-8EB1-4174-89A9-5A6AE48477DC}.Debug|x64.Build.0 = Debug|x64
		{EEC11DC9-8EB1-4174-89A9-5A6AE48477DC}.Debug|x86.ActiveCfg = Debug|Win32
		{EEC11DC9-8EB1-4174-89A9-5A6AE48477DC}.Debug|x86.Build.0 = Debug|Win32
		{EEC11DC9-8EB1-4174-89A9-5A6AE48477DC}.Release|x64.ActiveCfg = Release|x64
		{EEC11DC9-8EB1-4174-89A9-5A6AE48477DC}.Release|x64.Build.0 = Release|x64
		{EEC11DC9-8EB1-4174-89A9-5A6AE48477DC}.Release|x86.ActiveCfg = Release|Win32
		{EEC11DC9-8EB1-4174-89A9-5A6AE48477DC}.Release|x86.Build.0 = Release|Win32
		{38EE7DB2-8231-4E06-98AD-EA03EB66F578}.Debug|x64.ActiveCfg = Debug|x64
		{38EE7DB2-8231-4E06-98AD-EA03EB66F578}.Debug|x64.Build.0 = Debug|x64
		{38EE7DB2-8231-4E06-98AD-EA03EB66F578}.Debug|x86.ActiveCfg = Debug|Win32
		{38EE7DB2-8231-4E06-98AD-EA03EB66F578}.Debug|x86.Build.0 = Debug|Win32
		{38EE7DB2-8231-4E06-98AD-EA03EB66F578}.Release|x64.ActiveCfg = Release|x64
		{38EE7DB2-8231-4E06-98AD-EA03EB66F578}.Release|x64.Build.0 = Release|x64
		{38EE7DB2-8231-4E06-98AD-EA03EB66F578}.Release|x86.ActiveCfg = Release|Win32
		{38EE7DB2-8231-4E06-98AD-EA03EB66F578}.Release|x86.Build.0 = Release|Win32
	EndGlobalSection
	GlobalSection(SolutionProperties) = preSolution
		HideSolutionNode = FALSE
	EndGlobalSection
	GlobalSection(NestedProjects) = preSolution
		{519F29E4-77A1-4153-8517-1ECAA6723F62} = {99D484FC-0EDC-4A86-9CE2-546F01EFADDD}
		{E2F54F62-E02C-48E5-A865-3E76213685FC} = {A6658708-6ACC-41BD-A7CD-5DC20EA1B99F}
		{2EA83F63-50BF-4105-AD4A-298EBCB21781} = {67AFF059-0B65-4EFC-A7C0-EEE6B65A326F}
		{D56DA444-F9D4-45EA-A9D5-D848F1E77AA7} = {A6658708-6ACC-41BD-A7CD-5DC20EA1B99F}
		{EEC11DC9-8EB1-4174-89A9-5A6AE48477DC} = {A6658708-6ACC-41BD-A7CD-5DC20EA1B99F}
		{38EE7DB2-8231-4E06-98AD-EA03EB66F578} = {A6658708-6ACC-41BD-A7CD-5DC20EA1B99F}
	EndGlobalSection
	GlobalSection(ExtensibilityGlobals) = postSolution
		SolutionGuid = {E0089124-E190-4F7E-84C4-73E612778B0C}
	EndGlobalSection
EndGlobal
